
Microsoft Visual Studio Solution File, Format Version 12.00
# Visual Studio Version 17
VisualStudioVersion = 17.13.35931.197 d17.13
MinimumVisualStudioVersion = 10.0.40219.1
Project("{FAE04EC0-301F-11D3-BF4B-00C04F79EFBC}") = "BookingTestApp", "BookingTestApp\BookingTestApp.csproj", "{30A92075-356A-464B-9622-D33FABB38C88}"
EndProject
Global
	GlobalSection(SolutionConfigurationPlatforms) = preSolution
		Debug|Any CPU = Debug|Any CPU
		Release|Any CPU = Release|Any CPU
	EndGlobalSection
	GlobalSection(ProjectConfigurationPlatforms) = postSolution
		{30A92075-356A-464B-9622-D33FABB38C88}.Debug|Any CPU.ActiveCfg = Debug|Any CPU
		{30A92075-356A-464B-9622-D33FABB38C88}.Debug|Any CPU.Build.0 = Debug|Any CPU
		{30A92075-356A-464B-9622-D33FABB38C88}.Release|Any CPU.ActiveCfg = Release|Any CPU
		{30A92075-356A-464B-9622-D33FABB38C88}.Release|Any CPU.Build.0 = Release|Any CPU
	EndGlobalSection
	GlobalSection(SolutionProperties) = preSolution
		HideSolutionNode = FALSE
	EndGlobalSection
	GlobalSection(ExtensibilityGlobals) = postSolution
		SolutionGuid = {5B387D6F-CEFF-49F3-B5BB-BB40EFC14EAD}
	EndGlobalSection
EndGlobal
